
Microsoft Visual Studio Solution File, Format Version 12.00
# Visual Studio Version 17
VisualStudioVersion = 17.5.002.0
MinimumVisualStudioVersion = 10.0.40219.1
Project("{9A19103F-16F7-4668-BE54-9A1E7A4F7556}") = "Coupling", "Coupling.csproj", "{A74C1D7F-A458-45DC-B93D-03E8E214F62C}"
EndProject
Global
	GlobalSection(SolutionConfigurationPlatforms) = preSolution
		Debug|Any CPU = Debug|Any CPU
		Release|Any CPU = Release|Any CPU
	EndGlobalSection
	GlobalSection(ProjectConfigurationPlatforms) = postSolution
		{A74C1D7F-A458-45DC-B93D-03E8E214F62C}.Debug|Any CPU.ActiveCfg = Debug|Any CPU
		{A74C1D7F-A458-45DC-B93D-03E8E214F62C}.Debug|Any CPU.Build.0 = Debug|Any CPU
		{A74C1D7F-A458-45DC-B93D-03E8E214F62C}.Release|Any CPU.ActiveCfg = Release|Any CPU
		{A74C1D7F-A458-45DC-B93D-03E8E214F62C}.Release|Any CPU.Build.0 = Release|Any CPU
	EndGlobalSection
	GlobalSection(SolutionProperties) = preSolution
		HideSolutionNode = FALSE
	EndGlobalSection
	GlobalSection(ExtensibilityGlobals) = postSolution
		SolutionGuid = {40BBFB4A-E494-4F31-ADEF-EDBB78E62EAB}
	EndGlobalSection
EndGlobal
